
Microsoft Visual Studio Solution File, Format Version 12.00
# Visual Studio 15
VisualStudioVersion = 15.0.28307.136
MinimumVisualStudioVersion = 10.0.40219.1
Project("{FAE04EC0-301F-11D3-BF4B-00C04F79EFBC}") = "RAcc_Server", "RAcc_Server\RAcc_Server.csproj", "{B96E933E-92A9-4E5E-B2F8-0823176CCA2B}"
EndProject
Project("{FAE04EC0-301F-11D3-BF4B-00C04F79EFBC}") = "RAcc_Client", "RAcc_Client\RAcc_Client.csproj", "{5EA3E88D-7E9E-4A52-8ED2-3C4E80CDDA78}"
EndProject
Global
	GlobalSection(SolutionConfigurationPlatforms) = preSolution
		Debug|Any CPU = Debug|Any CPU
		Release|Any CPU = Release|Any CPU
	EndGlobalSection
	GlobalSection(ProjectConfigurationPlatforms) = postSolution
		{B96E933E-92A9-4E5E-B2F8-0823176CCA2B}.Debug|Any CPU.ActiveCfg = Debug|Any CPU
		{B96E933E-92A9-4E5E-B2F8-0823176CCA2B}.Debug|Any CPU.Build.0 = Debug|Any CPU
		{B96E933E-92A9-4E5E-B2F8-0823176CCA2B}.Release|Any CPU.ActiveCfg = Release|Any CPU
		{B96E933E-92A9-4E5E-B2F8-0823176CCA2B}.Release|Any CPU.Build.0 = Release|Any CPU
		{5EA3E88D-7E9E-4A52-8ED2-3C4E80CDDA78}.Debug|Any CPU.ActiveCfg = Debug|Any CPU
		{5EA3E88D-7E9E-4A52-8ED2-3C4E80CDDA78}.Debug|Any CPU.Build.0 = Debug|Any CPU
		{5EA3E88D-7E9E-4A52-8ED2-3C4E80CDDA78}.Release|Any CPU.ActiveCfg = Release|Any CPU
		{5EA3E88D-7E9E-4A52-8ED2-3C4E80CDDA78}.Release|Any CPU.Build.0 = Release|Any CPU
	EndGlobalSection
	GlobalSection(SolutionProperties) = preSolution
		HideSolutionNode = FALSE
	EndGlobalSection
	GlobalSection(ExtensibilityGlobals) = postSolution
		SolutionGuid = {FD0252CD-5BFE-4E62-9053-E70BE080554A}
	EndGlobalSection
EndGlobal
